hash: ac3ce8d4d90c27d1d2dbb526bcacb45edfda34497571ec040147c6c0c460abbe
updated: 2016-11-17T15:37:19.921001114+09:00
imports:
- name: github.com/fukata/golang-stats-api-handler
  version: 90f0b59102629831cc109845475a8d77043412ec
- name: github.com/go-sql-driver/mysql
  version: a732e14c62dde3285440047bba97581bc472ae18
- name: github.com/golang/protobuf
  version: 8ee79997227bf9b34611aee7946ae64735e6fd93
  subpackages:
  - proto
  - protoc-gen-go
testImports: []
